
Microsoft Visual Studio Solution File, Format Version 12.00
# Visual Studio Version 17
VisualStudioVersion = 17.0.32014.148
MinimumVisualStudioVersion = 10.0.40219.1
Project("{9A19103F-16F7-4668-BE54-9A1E7A4F7556}") = "CampIntro", "CampIntro\CampIntro.csproj", "{9F7FF9A4-848D-4D04-A332-91FBED023093}"
EndProject
Project("{9A19103F-16F7-4668-BE54-9A1E7A4F7556}") = "Donguler", "Donguler\Donguler.csproj", "{94D9CC81-85FE-40C1-BC62-426322F622F9}"
EndProject
Project("{9A19103F-16F7-4668-BE54-9A1E7A4F7556}") = "ClassIntro", "ClassIntro\ClassIntro.csproj", "{EC9F1A53-E64F-4D57-9DE0-718F85CF5937}"
EndProject
Project("{9A19103F-16F7-4668-BE54-9A1E7A4F7556}") = "OdevClass", "OdevClass\OdevClass.csproj", "{F44CF66F-4988-40F2-8ECC-F03979BE3657}"
EndProject
Project("{9A19103F-16F7-4668-BE54-9A1E7A4F7556}") = "DegerVeReferansTipler", "DegerVeReferansTipler\DegerVeReferansTipler.csproj", "{92F11EA4-08D3-41AE-BA70-5C3EC7CA5C26}"
EndProject
Project("{9A19103F-16F7-4668-BE54-9A1E7A4F7556}") = "Methods", "Methods\Methods.csproj", "{6A57C234-14A7-4C18-A53A-8B9257DC609C}"
EndProject
Project("{9A19103F-16F7-4668-BE54-9A1E7A4F7556}") = "Maths", "Maths\Maths.csproj", "{B496656D-E16E-4345-B67F-DF1301442634}"
EndProject
Project("{9A19103F-16F7-4668-BE54-9A1E7A4F7556}") = "Methods2", "Methods2\Methods2.csproj", "{00EF8E29-E4CE-4C1D-A603-4AA036CAAFFA}"
EndProject
Project("{9A19103F-16F7-4668-BE54-9A1E7A4F7556}") = "ClassMethodDemo", "ClassMethodDemo\ClassMethodDemo.csproj", "{BEA0FECD-78BC-4C8D-AF9B-D6BD49CBC094}"
EndProject
Project("{9A19103F-16F7-4668-BE54-9A1E7A4F7556}") = "OOP1", "OOP1\OOP1.csproj", "{D3599E61-42E8-44F6-B414-8C4080CD7EAF}"
EndProject
Project("{9A19103F-16F7-4668-BE54-9A1E7A4F7556}") = "Collections", "Collections\Collections.csproj", "{71D9D30B-E4D7-4C11-87F5-EE498FF9B200}"
EndProject
Project("{9A19103F-16F7-4668-BE54-9A1E7A4F7556}") = "GenericIntro", "GenericIntro\GenericIntro.csproj", "{DA34003E-2550-4FF8-AC0A-50F1B9D3C8AE}"
EndProject
Project("{9A19103F-16F7-4668-BE54-9A1E7A4F7556}") = "ReferenceTypes", "ReferenceTypes\ReferenceTypes.csproj", "{A1349CE8-2D40-417B-9F6F-E0B5713D604B}"
EndProject
Project("{9A19103F-16F7-4668-BE54-9A1E7A4F7556}") = "Constructors", "Constructors\Constructors.csproj", "{BDC2AFCE-7D56-4900-B700-719850894A83}"
EndProject
Project("{9A19103F-16F7-4668-BE54-9A1E7A4F7556}") = "Generics", "Generics\Generics.csproj", "{0353F51F-0A5A-4E4D-9538-7CE9AD18336C}"
EndProject
Project("{9A19103F-16F7-4668-BE54-9A1E7A4F7556}") = "GenericsDictionaryWorkshop", "GenericsDictionaryWorkshop\GenericsDictionaryWorkshop.csproj", "{00ECD93B-84C6-4307-B9A6-8482B2B9E2FB}"
EndProject
Project("{9A19103F-16F7-4668-BE54-9A1E7A4F7556}") = "OOP2", "OOP2\OOP2.csproj", "{1140AE9C-D01A-4855-B6A5-F1026903CAB7}"
EndProject
Project("{9A19103F-16F7-4668-BE54-9A1E7A4F7556}") = "OOP3", "OOP3\OOP3.csproj", "{599DD7B7-5FDD-4C76-8C65-7928766369C5}"
EndProject
Global
	GlobalSection(SolutionConfigurationPlatforms) = preSolution
		Debug|Any CPU = Debug|Any CPU
		Release|Any CPU = Release|Any CPU
	EndGlobalSection
	GlobalSection(ProjectConfigurationPlatforms) = postSolution
		{9F7FF9A4-848D-4D04-A332-91FBED023093}.Debug|Any CPU.ActiveCfg = Debug|Any CPU
		{9F7FF9A4-848D-4D04-A332-91FBED023093}.Debug|Any CPU.Build.0 = Debug|Any CPU
		{9F7FF9A4-848D-4D04-A332-91FBED023093}.Release|Any CPU.ActiveCfg = Release|Any CPU
		{9F7FF9A4-848D-4D04-A332-91FBED023093}.Release|Any CPU.Build.0 = Release|Any CPU
		{94D9CC81-85FE-40C1-BC62-426322F622F9}.Debug|Any CPU.ActiveCfg = Debug|Any CPU
		{94D9CC81-85FE-40C1-BC62-426322F622F9}.Debug|Any CPU.Build.0 = Debug|Any CPU
		{94D9CC81-85FE-40C1-BC62-426322F622F9}.Release|Any CPU.ActiveCfg = Release|Any CPU
		{94D9CC81-85FE-40C1-BC62-426322F622F9}.Release|Any CPU.Build.0 = Release|Any CPU
		{EC9F1A53-E64F-4D57-9DE0-718F85CF5937}.Debug|Any CPU.ActiveCfg = Debug|Any CPU
		{EC9F1A53-E64F-4D57-9DE0-718F85CF5937}.Debug|Any CPU.Build.0 = Debug|Any CPU
		{EC9F1A53-E64F-4D57-9DE0-718F85CF5937}.Release|Any CPU.ActiveCfg = Release|Any CPU
		{EC9F1A53-E64F-4D57-9DE0-718F85CF5937}.Release|Any CPU.Build.0 = Release|Any CPU
		{F44CF66F-4988-40F2-8ECC-F03979BE3657}.Debug|Any CPU.ActiveCfg = Debug|Any CPU
		{F44CF66F-4988-40F2-8ECC-F03979BE3657}.Debug|Any CPU.Build.0 = Debug|Any CPU
		{F44CF66F-4988-40F2-8ECC-F03979BE3657}.Release|Any CPU.ActiveCfg = Release|Any CPU
		{F44CF66F-4988-40F2-8ECC-F03979BE3657}.Release|Any CPU.Build.0 = Release|Any CPU
		{92F11EA4-08D3-41AE-BA70-5C3EC7CA5C26}.Debug|Any CPU.ActiveCfg = Debug|Any CPU
		{92F11EA4-08D3-41AE-BA70-5C3EC7CA5C26}.Debug|Any CPU.Build.0 = Debug|Any CPU
		{92F11EA4-08D3-41AE-BA70-5C3EC7CA5C26}.Release|Any CPU.ActiveCfg = Release|Any CPU
		{92F11EA4-08D3-41AE-BA70-5C3EC7CA5C26}.Release|Any CPU.Build.0 = Release|Any CPU
		{6A57C234-14A7-4C18-A53A-8B9257DC609C}.Debug|Any CPU.ActiveCfg = Debug|Any CPU
		{6A57C234-14A7-4C18-A53A-8B9257DC609C}.Debug|Any CPU.Build.0 = Debug|Any CPU
		{6A57C234-14A7-4C18-A53A-8B9257DC609C}.Release|Any CPU.ActiveCfg = Release|Any CPU
		{6A57C234-14A7-4C18-A53A-8B9257DC609C}.Release|Any CPU.Build.0 = Release|Any CPU
		{B496656D-E16E-4345-B67F-DF1301442634}.Debug|Any CPU.ActiveCfg = Debug|Any CPU
		{B496656D-E16E-4345-B67F-DF1301442634}.Debug|Any CPU.Build.0 = Debug|Any CPU
		{B496656D-E16E-4345-B67F-DF1301442634}.Release|Any CPU.ActiveCfg = Release|Any CPU
		{B496656D-E16E-4345-B67F-DF1301442634}.Release|Any CPU.Build.0 = Release|Any CPU
		{00EF8E29-E4CE-4C1D-A603-4AA036CAAFFA}.Debug|Any CPU.ActiveCfg = Debug|Any CPU
		{00EF8E29-E4CE-4C1D-A603-4AA036CAAFFA}.Debug|Any CPU.Build.0 = Debug|Any CPU
		{00EF8E29-E4CE-4C1D-A603-4AA036CAAFFA}.Release|Any CPU.ActiveCfg = Release|Any CPU
		{00EF8E29-E4CE-4C1D-A603-4AA036CAAFFA}.Release|Any CPU.Build.0 = Release|Any CPU
		{BEA0FECD-78BC-4C8D-AF9B-D6BD49CBC094}.Debug|Any CPU.ActiveCfg = Debug|Any CPU
		{BEA0FECD-78BC-4C8D-AF9B-D6BD49CBC094}.Debug|Any CPU.Build.0 = Debug|Any CPU
		{BEA0FECD-78BC-4C8D-AF9B-D6BD49CBC094}.Release|Any CPU.ActiveCfg = Release|Any CPU
		{BEA0FECD-78BC-4C8D-AF9B-D6BD49CBC094}.Release|Any CPU.Build.0 = Release|Any CPU
		{D3599E61-42E8-44F6-B414-8C4080CD7EAF}.Debug|Any CPU.ActiveCfg = Debug|Any CPU
		{D3599E61-42E8-44F6-B414-8C4080CD7EAF}.Debug|Any CPU.Build.0 = Debug|Any CPU
		{D3599E61-42E8-44F6-B414-8C4080CD7EAF}.Release|Any CPU.ActiveCfg = Release|Any CPU
		{D3599E61-42E8-44F6-B414-8C4080CD7EAF}.Release|Any CPU.Build.0 = Release|Any CPU
		{71D9D30B-E4D7-4C11-87F5-EE498FF9B200}.Debug|Any CPU.ActiveCfg = Debug|Any CPU
		{71D9D30B-E4D7-4C11-87F5-EE498FF9B200}.Debug|Any CPU.Build.0 = Debug|Any CPU
		{71D9D30B-E4D7-4C11-87F5-EE498FF9B200}.Release|Any CPU.ActiveCfg = Release|Any CPU
		{71D9D30B-E4D7-4C11-87F5-EE498FF9B200}.Release|Any CPU.Build.0 = Release|Any CPU
		{DA34003E-2550-4FF8-AC0A-50F1B9D3C8AE}.Debug|Any CPU.ActiveCfg = Debug|Any CPU
		{DA34003E-2550-4FF8-AC0A-50F1B9D3C8AE}.Debug|Any CPU.Build.0 = Debug|Any CPU
		{DA34003E-2550-4FF8-AC0A-50F1B9D3C8AE}.Release|Any CPU.ActiveCfg = Release|Any CPU
		{DA34003E-2550-4FF8-AC0A-50F1B9D3C8AE}.Release|Any CPU.Build.0 = Release|Any CPU
		{A1349CE8-2D40-417B-9F6F-E0B5713D604B}.Debug|Any CPU.ActiveCfg = Debug|Any CPU
		{A1349CE8-2D40-417B-9F6F-E0B5713D604B}.Debug|Any CPU.Build.0 = Debug|Any CPU
		{A1349CE8-2D40-417B-9F6F-E0B5713D604B}.Release|Any CPU.ActiveCfg = Release|Any CPU
		{A1349CE8-2D40-417B-9F6F-E0B5713D604B}.Release|Any CPU.Build.0 = Release|Any CPU
		{BDC2AFCE-7D56-4900-B700-719850894A83}.Debug|Any CPU.ActiveCfg = Debug|Any CPU
		{BDC2AFCE-7D56-4900-B700-719850894A83}.Debug|Any CPU.Build.0 = Debug|Any CPU
		{BDC2AFCE-7D56-4900-B700-719850894A83}.Release|Any CPU.ActiveCfg = Release|Any CPU
		{BDC2AFCE-7D56-4900-B700-719850894A83}.Release|Any CPU.Build.0 = Release|Any CPU
		{0353F51F-0A5A-4E4D-9538-7CE9AD18336C}.Debug|Any CPU.ActiveCfg = Debug|Any CPU
		{0353F51F-0A5A-4E4D-9538-7CE9AD18336C}.Debug|Any CPU.Build.0 = Debug|Any CPU
		{0353F51F-0A5A-4E4D-9538-7CE9AD18336C}.Release|Any CPU.ActiveCfg = Release|Any CPU
		{0353F51F-0A5A-4E4D-9538-7CE9AD18336C}.Release|Any CPU.Build.0 = Release|Any CPU
		{00ECD93B-84C6-4307-B9A6-8482B2B9E2FB}.Debug|Any CPU.ActiveCfg = Debug|Any CPU
		{00ECD93B-84C6-4307-B9A6-8482B2B9E2FB}.Debug|Any CPU.Build.0 = Debug|Any CPU
		{00ECD93B-84C6-4307-B9A6-8482B2B9E2FB}.Release|Any CPU.ActiveCfg = Release|Any CPU
		{00ECD93B-84C6-4307-B9A6-8482B2B9E2FB}.Release|Any CPU.Build.0 = Release|Any CPU
		{1140AE9C-D01A-4855-B6A5-F1026903CAB7}.Debug|Any CPU.ActiveCfg = Debug|Any CPU
		{1140AE9C-D01A-4855-B6A5-F1026903CAB7}.Debug|Any CPU.Build.0 = Debug|Any CPU
		{1140AE9C-D01A-4855-B6A5-F1026903CAB7}.Release|Any CPU.ActiveCfg = Release|Any CPU
		{1140AE9C-D01A-4855-B6A5-F1026903CAB7}.Release|Any CPU.Build.0 = Release|Any CPU
		{599DD7B7-5FDD-4C76-8C65-7928766369C5}.Debug|Any CPU.ActiveCfg = Debug|Any CPU
		{599DD7B7-5FDD-4C76-8C65-7928766369C5}.Debug|Any CPU.Build.0 = Debug|Any CPU
		{599DD7B7-5FDD-4C76-8C65-7928766369C5}.Release|Any CPU.ActiveCfg = Release|Any CPU
		{599DD7B7-5FDD-4C76-8C65-7928766369C5}.Release|Any CPU.Build.0 = Release|Any CPU
	EndGlobalSection
	GlobalSection(SolutionProperties) = preSolution
		HideSolutionNode = FALSE
	EndGlobalSection
	GlobalSection(ExtensibilityGlobals) = postSolution
		SolutionGuid = {25E608B8-C194-4041-92BD-ABFD45550037}
	EndGlobalSection
EndGlobal
